
Microsoft Visual Studio Solution File, Format Version 12.00
# Visual Studio Version 17
VisualStudioVersion = 17.0.31903.59
MinimumVisualStudioVersion = 10.0.40219.1
Project("{FAE04EC0-301F-11D3-BF4B-00C04F79EFBC}") = "Compressor", "Compressor\Compressor.csproj", "{0464292A-0AA8-488F-BB92-7ABE21EFD12C}"
EndProject
Project("{FAE04EC0-301F-11D3-BF4B-00C04F79EFBC}") = "Compressor.Test", "Compressor.Test\Compressor.Test.csproj", "{43FE5362-E6CD-4C2D-8429-B0B7384AC891}"
EndProject
Global
	GlobalSection(SolutionConfigurationPlatforms) = preSolution
		Debug|Any CPU = Debug|Any CPU
		Release|Any CPU = Release|Any CPU
	EndGlobalSection
	GlobalSection(SolutionProperties) = preSolution
		HideSolutionNode = FALSE
	EndGlobalSection
	GlobalSection(ProjectConfigurationPlatforms) = postSolution
		{0464292A-0AA8-488F-BB92-7ABE21EFD12C}.Debug|Any CPU.ActiveCfg = Debug|Any CPU
		{0464292A-0AA8-488F-BB92-7ABE21EFD12C}.Debug|Any CPU.Build.0 = Debug|Any CPU
		{0464292A-0AA8-488F-BB92-7ABE21EFD12C}.Release|Any CPU.ActiveCfg = Release|Any CPU
		{0464292A-0AA8-488F-BB92-7ABE21EFD12C}.Release|Any CPU.Build.0 = Release|Any CPU
		{43FE5362-E6CD-4C2D-8429-B0B7384AC891}.Debug|Any CPU.ActiveCfg = Debug|Any CPU
		{43FE5362-E6CD-4C2D-8429-B0B7384AC891}.Debug|Any CPU.Build.0 = Debug|Any CPU
		{43FE5362-E6CD-4C2D-8429-B0B7384AC891}.Release|Any CPU.ActiveCfg = Release|Any CPU
		{43FE5362-E6CD-4C2D-8429-B0B7384AC891}.Release|Any CPU.Build.0 = Release|Any CPU
	EndGlobalSection
EndGlobal
