
Microsoft Visual Studio Solution File, Format Version 12.00
# Visual Studio Version 17
VisualStudioVersion = 17.0.31903.59
MinimumVisualStudioVersion = 10.0.40219.1
Project("{FAE04EC0-301F-11D3-BF4B-00C04F79EFBC}") = "Lazy", "Lazy\Lazy.csproj", "{591E4471-E42D-402A-8ABF-DF8EB4B0869E}"
EndProject
Project("{FAE04EC0-301F-11D3-BF4B-00C04F79EFBC}") = "Lazy.Test", "Lazy.Test\Lazy.Test.csproj", "{4A03B6D1-344F-4944-AAFA-B3D2CBD9C590}"
EndProject
Global
	GlobalSection(SolutionConfigurationPlatforms) = preSolution
		Debug|Any CPU = Debug|Any CPU
		Release|Any CPU = Release|Any CPU
	EndGlobalSection
	GlobalSection(SolutionProperties) = preSolution
		HideSolutionNode = FALSE
	EndGlobalSection
	GlobalSection(ProjectConfigurationPlatforms) = postSolution
		{591E4471-E42D-402A-8ABF-DF8EB4B0869E}.Debug|Any CPU.ActiveCfg = Debug|Any CPU
		{591E4471-E42D-402A-8ABF-DF8EB4B0869E}.Debug|Any CPU.Build.0 = Debug|Any CPU
		{591E4471-E42D-402A-8ABF-DF8EB4B0869E}.Release|Any CPU.ActiveCfg = Release|Any CPU
		{591E4471-E42D-402A-8ABF-DF8EB4B0869E}.Release|Any CPU.Build.0 = Release|Any CPU
		{4A03B6D1-344F-4944-AAFA-B3D2CBD9C590}.Debug|Any CPU.ActiveCfg = Debug|Any CPU
		{4A03B6D1-344F-4944-AAFA-B3D2CBD9C590}.Debug|Any CPU.Build.0 = Debug|Any CPU
		{4A03B6D1-344F-4944-AAFA-B3D2CBD9C590}.Release|Any CPU.ActiveCfg = Release|Any CPU
		{4A03B6D1-344F-4944-AAFA-B3D2CBD9C590}.Release|Any CPU.Build.0 = Release|Any CPU
	EndGlobalSection
EndGlobal
