Microsoft Visual Studio Solution File, Format Version 12.00
# Visual Studio Version 17
VisualStudioVersion = 17.5.2.0
MinimumVisualStudioVersion = 10.0.40219.1
Project("{FAE04EC0-301F-11D3-BF4B-00C04F79EFBC}") = "BWTHomework", "BWTHomework.csproj", "{BF46879B-48E8-80F9-1023-C444AFFDB907}"
EndProject
Global
	GlobalSection(SolutionConfigurationPlatforms) = preSolution
		Debug|Any CPU = Debug|Any CPU
		Release|Any CPU = Release|Any CPU
	EndGlobalSection
	GlobalSection(ProjectConfigurationPlatforms) = postSolution
		{BF46879B-48E8-80F9-1023-C444AFFDB907}.Debug|Any CPU.ActiveCfg = Debug|Any CPU
		{BF46879B-48E8-80F9-1023-C444AFFDB907}.Debug|Any CPU.Build.0 = Debug|Any CPU
		{BF46879B-48E8-80F9-1023-C444AFFDB907}.Release|Any CPU.ActiveCfg = Release|Any CPU
		{BF46879B-48E8-80F9-1023-C444AFFDB907}.Release|Any CPU.Build.0 = Release|Any CPU
	EndGlobalSection
	GlobalSection(SolutionProperties) = preSolution
		HideSolutionNode = FALSE
	EndGlobalSection
	GlobalSection(ExtensibilityGlobals) = postSolution
		SolutionGuid = {69D188C9-30F6-4CE0-A842-28792A3C1319}
	EndGlobalSection
EndGlobal
